# Install provisioning/requirements.lock first; never upgrade the VPN environment.
# LXMF 1.1.1 requires rns>=1.4.2; this prototype tests with rns==1.5.1.
lxmf==1.1.1 --hash=sha256:3cdb4c5b3a4ec091ed538050228d8bd15db3ca4dfe7d69be3350ebc6c6d7e696 --hash=sha256:f2f7ea17d793fcc32cab826e81e8e9824404d025d1fc71b143be3242d45e6a5e
